
Microsoft Visual Studio Solution File, Format Version 12.00
# Visual Studio 15
VisualStudioVersion = 15.0.28307.438
MinimumVisualStudioVersion = 10.0.40219.1
Project("{FAE04EC0-301F-11D3-BF4B-00C04F79EFBC}") = "Netlenium.Driver", "Netlenium.Driver\Netlenium.Driver.csproj", "{0C046F1E-8A63-4722-94D9-80986978C017}"
EndProject
Project("{FAE04EC0-301F-11D3-BF4B-00C04F79EFBC}") = "Netlenium", "Netlenium\Netlenium.csproj", "{771C3FF1-37CB-4E3C-B86D-C8D88BB2C7A7}"
EndProject
Project("{2150E333-8FDC-42A3-9474-1A3956D46DE8}") = "Solution Items", "Solution Items", "{FD98F017-090A-4FB2-8A90-9046EFCC02BC}"
	ProjectSection(SolutionItems) = preProject
		linux_make_debug.sh = linux_make_debug.sh
		linux_make_release.sh = linux_make_release.sh
		README.md = README.md
		win32_make_debug.bat = win32_make_debug.bat
		win32_make_release.bat = win32_make_release.bat
	EndProjectSection
EndProject
Project("{2150E333-8FDC-42A3-9474-1A3956D46DE8}") = "Documentation", "Documentation", "{BFF0FD0D-2270-411A-A7BD-62E289C23740}"
	ProjectSection(SolutionItems) = preProject
		Netlenium Package Builder.md = Netlenium Package Builder.md
	EndProjectSection
EndProject
Global
	GlobalSection(SolutionConfigurationPlatforms) = preSolution
		Debug|Any CPU = Debug|Any CPU
		Debug|x86 = Debug|x86
		LinuxBuild|Any CPU = LinuxBuild|Any CPU
		LinuxBuild|x86 = LinuxBuild|x86
		LinuxDebug|Any CPU = LinuxDebug|Any CPU
		LinuxDebug|x86 = LinuxDebug|x86
		Release|Any CPU = Release|Any CPU
		Release|x86 = Release|x86
		WindowsBuild|Any CPU = WindowsBuild|Any CPU
		WindowsBuild|x86 = WindowsBuild|x86
		WindowsDebug|Any CPU = WindowsDebug|Any CPU
		WindowsDebug|x86 = WindowsDebug|x86
	EndGlobalSection
	GlobalSection(ProjectConfigurationPlatforms) = postSolution
		{0C046F1E-8A63-4722-94D9-80986978C017}.Debug|Any CPU.ActiveCfg = Debug|Any CPU
		{0C046F1E-8A63-4722-94D9-80986978C017}.Debug|Any CPU.Build.0 = Debug|Any CPU
		{0C046F1E-8A63-4722-94D9-80986978C017}.Debug|x86.ActiveCfg = Debug|Any CPU
		{0C046F1E-8A63-4722-94D9-80986978C017}.Debug|x86.Build.0 = Debug|Any CPU
		{0C046F1E-8A63-4722-94D9-80986978C017}.LinuxBuild|Any CPU.ActiveCfg = LinuxBuild|Any CPU
		{0C046F1E-8A63-4722-94D9-80986978C017}.LinuxBuild|Any CPU.Build.0 = LinuxBuild|Any CPU
		{0C046F1E-8A63-4722-94D9-80986978C017}.LinuxBuild|x86.ActiveCfg = LinuxBuild|Any CPU
		{0C046F1E-8A63-4722-94D9-80986978C017}.LinuxBuild|x86.Build.0 = LinuxBuild|Any CPU
		{0C046F1E-8A63-4722-94D9-80986978C017}.LinuxDebug|Any CPU.ActiveCfg = LinuxDebug|Any CPU
		{0C046F1E-8A63-4722-94D9-80986978C017}.LinuxDebug|Any CPU.Build.0 = LinuxDebug|Any CPU
		{0C046F1E-8A63-4722-94D9-80986978C017}.LinuxDebug|x86.ActiveCfg = LinuxDebug|Any CPU
		{0C046F1E-8A63-4722-94D9-80986978C017}.LinuxDebug|x86.Build.0 = LinuxDebug|Any CPU
		{0C046F1E-8A63-4722-94D9-80986978C017}.Release|Any CPU.ActiveCfg = Release|Any CPU
		{0C046F1E-8A63-4722-94D9-80986978C017}.Release|Any CPU.Build.0 = Release|Any CPU
		{0C046F1E-8A63-4722-94D9-80986978C017}.Release|x86.ActiveCfg = Release|Any CPU
		{0C046F1E-8A63-4722-94D9-80986978C017}.Release|x86.Build.0 = Release|Any CPU
		{0C046F1E-8A63-4722-94D9-80986978C017}.WindowsBuild|Any CPU.ActiveCfg = WindowsBuild|Any CPU
		{0C046F1E-8A63-4722-94D9-80986978C017}.WindowsBuild|Any CPU.Build.0 = WindowsBuild|Any CPU
		{0C046F1E-8A63-4722-94D9-80986978C017}.WindowsBuild|x86.ActiveCfg = WindowsBuild|Any CPU
		{0C046F1E-8A63-4722-94D9-80986978C017}.WindowsBuild|x86.Build.0 = WindowsBuild|Any CPU
		{0C046F1E-8A63-4722-94D9-80986978C017}.WindowsDebug|Any CPU.ActiveCfg = WindowsDebug|Any CPU
		{0C046F1E-8A63-4722-94D9-80986978C017}.WindowsDebug|Any CPU.Build.0 = WindowsDebug|Any CPU
		{0C046F1E-8A63-4722-94D9-80986978C017}.WindowsDebug|x86.ActiveCfg = WindowsDebug|Any CPU
		{0C046F1E-8A63-4722-94D9-80986978C017}.WindowsDebug|x86.Build.0 = WindowsDebug|Any CPU
		{771C3FF1-37CB-4E3C-B86D-C8D88BB2C7A7}.Debug|Any CPU.ActiveCfg = Debug|Any CPU
		{771C3FF1-37CB-4E3C-B86D-C8D88BB2C7A7}.Debug|Any CPU.Build.0 = Debug|Any CPU
		{771C3FF1-37CB-4E3C-B86D-C8D88BB2C7A7}.Debug|x86.ActiveCfg = Debug|x86
		{771C3FF1-37CB-4E3C-B86D-C8D88BB2C7A7}.Debug|x86.Build.0 = Debug|x86
		{771C3FF1-37CB-4E3C-B86D-C8D88BB2C7A7}.LinuxBuild|Any CPU.ActiveCfg = LinuxBuild|Any CPU
		{771C3FF1-37CB-4E3C-B86D-C8D88BB2C7A7}.LinuxBuild|Any CPU.Build.0 = LinuxBuild|Any CPU
		{771C3FF1-37CB-4E3C-B86D-C8D88BB2C7A7}.LinuxBuild|x86.ActiveCfg = LinuxBuild|x86
		{771C3FF1-37CB-4E3C-B86D-C8D88BB2C7A7}.LinuxBuild|x86.Build.0 = LinuxBuild|x86
		{771C3FF1-37CB-4E3C-B86D-C8D88BB2C7A7}.LinuxDebug|Any CPU.ActiveCfg = LinuxDebug|Any CPU
		{771C3FF1-37CB-4E3C-B86D-C8D88BB2C7A7}.LinuxDebug|Any CPU.Build.0 = LinuxDebug|Any CPU
		{771C3FF1-37CB-4E3C-B86D-C8D88BB2C7A7}.LinuxDebug|x86.ActiveCfg = LinuxDebug|x86
		{771C3FF1-37CB-4E3C-B86D-C8D88BB2C7A7}.LinuxDebug|x86.Build.0 = LinuxDebug|x86
		{771C3FF1-37CB-4E3C-B86D-C8D88BB2C7A7}.Release|Any CPU.ActiveCfg = Release|Any CPU
		{771C3FF1-37CB-4E3C-B86D-C8D88BB2C7A7}.Release|Any CPU.Build.0 = Release|Any CPU
		{771C3FF1-37CB-4E3C-B86D-C8D88BB2C7A7}.Release|x86.ActiveCfg = Release|x86
		{771C3FF1-37CB-4E3C-B86D-C8D88BB2C7A7}.Release|x86.Build.0 = Release|x86
		{771C3FF1-37CB-4E3C-B86D-C8D88BB2C7A7}.WindowsBuild|Any CPU.ActiveCfg = WindowsBuild|Any CPU
		{771C3FF1-37CB-4E3C-B86D-C8D88BB2C7A7}.WindowsBuild|Any CPU.Build.0 = WindowsBuild|Any CPU
		{771C3FF1-37CB-4E3C-B86D-C8D88BB2C7A7}.WindowsBuild|x86.ActiveCfg = WindowsBuild|x86
		{771C3FF1-37CB-4E3C-B86D-C8D88BB2C7A7}.WindowsBuild|x86.Build.0 = WindowsBuild|x86
		{771C3FF1-37CB-4E3C-B86D-C8D88BB2C7A7}.WindowsDebug|Any CPU.ActiveCfg = WindowsDebug|Any CPU
		{771C3FF1-37CB-4E3C-B86D-C8D88BB2C7A7}.WindowsDebug|Any CPU.Build.0 = WindowsDebug|Any CPU
		{771C3FF1-37CB-4E3C-B86D-C8D88BB2C7A7}.WindowsDebug|x86.ActiveCfg = WindowsDebug|x86
		{771C3FF1-37CB-4E3C-B86D-C8D88BB2C7A7}.WindowsDebug|x86.Build.0 = WindowsDebug|x86
	EndGlobalSection
	GlobalSection(SolutionProperties) = preSolution
		HideSolutionNode = FALSE
	EndGlobalSection
	GlobalSection(ExtensibilityGlobals) = postSolution
		SolutionGuid = {FA6F75DC-F8DB-4389-B86B-26EBB6ED4DCC}
	EndGlobalSection
EndGlobal
