
Microsoft Visual Studio Solution File, Format Version 12.00
# Visual Studio 15
VisualStudioVersion = 15.0.28307.438
MinimumVisualStudioVersion = 10.0.40219.1
Project("{FAE04EC0-301F-11D3-BF4B-00C04F79EFBC}") = "Netlenium.Driver", "Netlenium.Driver\Netlenium.Driver.csproj", "{0C046F1E-8A63-4722-94D9-80986978C017}"
EndProject
Project("{FAE04EC0-301F-11D3-BF4B-00C04F79EFBC}") = "Netlenium", "Netlenium\Netlenium.csproj", "{771C3FF1-37CB-4E3C-B86D-C8D88BB2C7A7}"
EndProject
Project("{FAE04EC0-301F-11D3-BF4B-00C04F79EFBC}") = "Netlenium.Driver.Chrome", "Netlenium.Driver.Chrome\Netlenium.Driver.Chrome.csproj", "{50C2E35B-1A36-4172-B9D8-2DD4CBE646AF}"
EndProject
Project("{FAE04EC0-301F-11D3-BF4B-00C04F79EFBC}") = "Netlenium.Driver.GeckoFXLib", "Netlenium.Driver.GeckoFXLib\Netlenium.Driver.GeckoFXLib.csproj", "{8D0A4270-8BA5-4C69-9402-5A4FFBE54E21}"
EndProject
Project("{FAE04EC0-301F-11D3-BF4B-00C04F79EFBC}") = "Netlenium Package Builder", "Netlenium Package Builder\Netlenium Package Builder.csproj", "{0CBD9069-3BD7-4EAC-A4B7-DC0765F01641}"
EndProject
Project("{FAE04EC0-301F-11D3-BF4B-00C04F79EFBC}") = "Netlenium Runtime", "Netlenium Runtime\Netlenium Runtime.csproj", "{EAC91731-F4E8-4E4D-B7C2-A1E972DB10FE}"
EndProject
Project("{2150E333-8FDC-42A3-9474-1A3956D46DE8}") = "Solution Items", "Solution Items", "{FD98F017-090A-4FB2-8A90-9046EFCC02BC}"
	ProjectSection(SolutionItems) = preProject
		linux_make_debug.sh = linux_make_debug.sh
		linux_make_release.sh = linux_make_release.sh
		README.md = README.md
		win32_make_debug.bat = win32_make_debug.bat
		win32_make_release.bat = win32_make_release.bat
	EndProjectSection
EndProject
Project("{FAE04EC0-301F-11D3-BF4B-00C04F79EFBC}") = "Netlenium.Manager", "Netlenium.Manager\Netlenium.Manager.csproj", "{767CA533-C037-4A58-99CF-828AA2EA0EBE}"
EndProject
Project("{FAE04EC0-301F-11D3-BF4B-00C04F79EFBC}") = "Netlenium.WebAPI", "Netlenium.WebAPI\Netlenium.WebAPI.csproj", "{7E96EAA4-F704-4464-A18E-F18404301753}"
EndProject
Project("{2150E333-8FDC-42A3-9474-1A3956D46DE8}") = "Testing", "Testing", "{07C47B79-6B97-4C06-B437-820D1E325333}"
EndProject
Project("{FAE04EC0-301F-11D3-BF4B-00C04F79EFBC}") = "WebAPI Test", "WebAPI Test\WebAPI Test.csproj", "{240F278E-9343-4751-8E85-3043705FDD42}"
EndProject
Project("{FAE04EC0-301F-11D3-BF4B-00C04F79EFBC}") = "Netlenium Package Tool", "Netlenium Package Tool\Netlenium Package Tool.csproj", "{7820EB42-EC1D-48DF-AB27-B7960EDE7FED}"
EndProject
Project("{2150E333-8FDC-42A3-9474-1A3956D46DE8}") = "Documentation", "Documentation", "{BFF0FD0D-2270-411A-A7BD-62E289C23740}"
	ProjectSection(SolutionItems) = preProject
		Netlenium Package Builder.md = Netlenium Package Builder.md
	EndProjectSection
EndProject
Project("{FAE04EC0-301F-11D3-BF4B-00C04F79EFBC}") = "Netlenium.WebDriver", "Netlenium.WebDriver\Netlenium.WebDriver.csproj", "{DA54FF5D-AC62-4681-9ABB-ADD18F816456}"
EndProject
Global
	GlobalSection(SolutionConfigurationPlatforms) = preSolution
		Debug|Any CPU = Debug|Any CPU
		Debug|x86 = Debug|x86
		LinuxBuild|Any CPU = LinuxBuild|Any CPU
		LinuxBuild|x86 = LinuxBuild|x86
		LinuxDebug|Any CPU = LinuxDebug|Any CPU
		LinuxDebug|x86 = LinuxDebug|x86
		Release|Any CPU = Release|Any CPU
		Release|x86 = Release|x86
		WindowsBuild|Any CPU = WindowsBuild|Any CPU
		WindowsBuild|x86 = WindowsBuild|x86
		WindowsDebug|Any CPU = WindowsDebug|Any CPU
		WindowsDebug|x86 = WindowsDebug|x86
	EndGlobalSection
	GlobalSection(ProjectConfigurationPlatforms) = postSolution
		{0C046F1E-8A63-4722-94D9-80986978C017}.Debug|Any CPU.ActiveCfg = Debug|Any CPU
		{0C046F1E-8A63-4722-94D9-80986978C017}.Debug|Any CPU.Build.0 = Debug|Any CPU
		{0C046F1E-8A63-4722-94D9-80986978C017}.Debug|x86.ActiveCfg = Debug|Any CPU
		{0C046F1E-8A63-4722-94D9-80986978C017}.Debug|x86.Build.0 = Debug|Any CPU
		{0C046F1E-8A63-4722-94D9-80986978C017}.LinuxBuild|Any CPU.ActiveCfg = LinuxBuild|Any CPU
		{0C046F1E-8A63-4722-94D9-80986978C017}.LinuxBuild|Any CPU.Build.0 = LinuxBuild|Any CPU
		{0C046F1E-8A63-4722-94D9-80986978C017}.LinuxBuild|x86.ActiveCfg = LinuxBuild|Any CPU
		{0C046F1E-8A63-4722-94D9-80986978C017}.LinuxBuild|x86.Build.0 = LinuxBuild|Any CPU
		{0C046F1E-8A63-4722-94D9-80986978C017}.LinuxDebug|Any CPU.ActiveCfg = LinuxDebug|Any CPU
		{0C046F1E-8A63-4722-94D9-80986978C017}.LinuxDebug|Any CPU.Build.0 = LinuxDebug|Any CPU
		{0C046F1E-8A63-4722-94D9-80986978C017}.LinuxDebug|x86.ActiveCfg = LinuxDebug|Any CPU
		{0C046F1E-8A63-4722-94D9-80986978C017}.LinuxDebug|x86.Build.0 = LinuxDebug|Any CPU
		{0C046F1E-8A63-4722-94D9-80986978C017}.Release|Any CPU.ActiveCfg = Release|Any CPU
		{0C046F1E-8A63-4722-94D9-80986978C017}.Release|Any CPU.Build.0 = Release|Any CPU
		{0C046F1E-8A63-4722-94D9-80986978C017}.Release|x86.ActiveCfg = Release|Any CPU
		{0C046F1E-8A63-4722-94D9-80986978C017}.Release|x86.Build.0 = Release|Any CPU
		{0C046F1E-8A63-4722-94D9-80986978C017}.WindowsBuild|Any CPU.ActiveCfg = WindowsBuild|Any CPU
		{0C046F1E-8A63-4722-94D9-80986978C017}.WindowsBuild|Any CPU.Build.0 = WindowsBuild|Any CPU
		{0C046F1E-8A63-4722-94D9-80986978C017}.WindowsBuild|x86.ActiveCfg = WindowsBuild|Any CPU
		{0C046F1E-8A63-4722-94D9-80986978C017}.WindowsBuild|x86.Build.0 = WindowsBuild|Any CPU
		{0C046F1E-8A63-4722-94D9-80986978C017}.WindowsDebug|Any CPU.ActiveCfg = WindowsDebug|Any CPU
		{0C046F1E-8A63-4722-94D9-80986978C017}.WindowsDebug|Any CPU.Build.0 = WindowsDebug|Any CPU
		{0C046F1E-8A63-4722-94D9-80986978C017}.WindowsDebug|x86.ActiveCfg = WindowsDebug|Any CPU
		{0C046F1E-8A63-4722-94D9-80986978C017}.WindowsDebug|x86.Build.0 = WindowsDebug|Any CPU
		{771C3FF1-37CB-4E3C-B86D-C8D88BB2C7A7}.Debug|Any CPU.ActiveCfg = Debug|Any CPU
		{771C3FF1-37CB-4E3C-B86D-C8D88BB2C7A7}.Debug|Any CPU.Build.0 = Debug|Any CPU
		{771C3FF1-37CB-4E3C-B86D-C8D88BB2C7A7}.Debug|x86.ActiveCfg = Debug|x86
		{771C3FF1-37CB-4E3C-B86D-C8D88BB2C7A7}.Debug|x86.Build.0 = Debug|x86
		{771C3FF1-37CB-4E3C-B86D-C8D88BB2C7A7}.LinuxBuild|Any CPU.ActiveCfg = LinuxBuild|Any CPU
		{771C3FF1-37CB-4E3C-B86D-C8D88BB2C7A7}.LinuxBuild|Any CPU.Build.0 = LinuxBuild|Any CPU
		{771C3FF1-37CB-4E3C-B86D-C8D88BB2C7A7}.LinuxBuild|x86.ActiveCfg = LinuxBuild|x86
		{771C3FF1-37CB-4E3C-B86D-C8D88BB2C7A7}.LinuxBuild|x86.Build.0 = LinuxBuild|x86
		{771C3FF1-37CB-4E3C-B86D-C8D88BB2C7A7}.LinuxDebug|Any CPU.ActiveCfg = LinuxDebug|Any CPU
		{771C3FF1-37CB-4E3C-B86D-C8D88BB2C7A7}.LinuxDebug|Any CPU.Build.0 = LinuxDebug|Any CPU
		{771C3FF1-37CB-4E3C-B86D-C8D88BB2C7A7}.LinuxDebug|x86.ActiveCfg = LinuxDebug|x86
		{771C3FF1-37CB-4E3C-B86D-C8D88BB2C7A7}.LinuxDebug|x86.Build.0 = LinuxDebug|x86
		{771C3FF1-37CB-4E3C-B86D-C8D88BB2C7A7}.Release|Any CPU.ActiveCfg = Release|Any CPU
		{771C3FF1-37CB-4E3C-B86D-C8D88BB2C7A7}.Release|Any CPU.Build.0 = Release|Any CPU
		{771C3FF1-37CB-4E3C-B86D-C8D88BB2C7A7}.Release|x86.ActiveCfg = Release|x86
		{771C3FF1-37CB-4E3C-B86D-C8D88BB2C7A7}.Release|x86.Build.0 = Release|x86
		{771C3FF1-37CB-4E3C-B86D-C8D88BB2C7A7}.WindowsBuild|Any CPU.ActiveCfg = WindowsBuild|Any CPU
		{771C3FF1-37CB-4E3C-B86D-C8D88BB2C7A7}.WindowsBuild|Any CPU.Build.0 = WindowsBuild|Any CPU
		{771C3FF1-37CB-4E3C-B86D-C8D88BB2C7A7}.WindowsBuild|x86.ActiveCfg = WindowsBuild|x86
		{771C3FF1-37CB-4E3C-B86D-C8D88BB2C7A7}.WindowsBuild|x86.Build.0 = WindowsBuild|x86
		{771C3FF1-37CB-4E3C-B86D-C8D88BB2C7A7}.WindowsDebug|Any CPU.ActiveCfg = WindowsDebug|Any CPU
		{771C3FF1-37CB-4E3C-B86D-C8D88BB2C7A7}.WindowsDebug|Any CPU.Build.0 = WindowsDebug|Any CPU
		{771C3FF1-37CB-4E3C-B86D-C8D88BB2C7A7}.WindowsDebug|x86.ActiveCfg = WindowsDebug|x86
		{771C3FF1-37CB-4E3C-B86D-C8D88BB2C7A7}.WindowsDebug|x86.Build.0 = WindowsDebug|x86
		{50C2E35B-1A36-4172-B9D8-2DD4CBE646AF}.Debug|Any CPU.ActiveCfg = Debug|Any CPU
		{50C2E35B-1A36-4172-B9D8-2DD4CBE646AF}.Debug|Any CPU.Build.0 = Debug|Any CPU
		{50C2E35B-1A36-4172-B9D8-2DD4CBE646AF}.Debug|x86.ActiveCfg = Debug|Any CPU
		{50C2E35B-1A36-4172-B9D8-2DD4CBE646AF}.Debug|x86.Build.0 = Debug|Any CPU
		{50C2E35B-1A36-4172-B9D8-2DD4CBE646AF}.LinuxBuild|Any CPU.ActiveCfg = LinuxBuild|Any CPU
		{50C2E35B-1A36-4172-B9D8-2DD4CBE646AF}.LinuxBuild|Any CPU.Build.0 = LinuxBuild|Any CPU
		{50C2E35B-1A36-4172-B9D8-2DD4CBE646AF}.LinuxBuild|x86.ActiveCfg = LinuxBuild|Any CPU
		{50C2E35B-1A36-4172-B9D8-2DD4CBE646AF}.LinuxBuild|x86.Build.0 = LinuxBuild|Any CPU
		{50C2E35B-1A36-4172-B9D8-2DD4CBE646AF}.LinuxDebug|Any CPU.ActiveCfg = LinuxDebug|Any CPU
		{50C2E35B-1A36-4172-B9D8-2DD4CBE646AF}.LinuxDebug|Any CPU.Build.0 = LinuxDebug|Any CPU
		{50C2E35B-1A36-4172-B9D8-2DD4CBE646AF}.LinuxDebug|x86.ActiveCfg = LinuxDebug|Any CPU
		{50C2E35B-1A36-4172-B9D8-2DD4CBE646AF}.LinuxDebug|x86.Build.0 = LinuxDebug|Any CPU
		{50C2E35B-1A36-4172-B9D8-2DD4CBE646AF}.Release|Any CPU.ActiveCfg = Release|Any CPU
		{50C2E35B-1A36-4172-B9D8-2DD4CBE646AF}.Release|Any CPU.Build.0 = Release|Any CPU
		{50C2E35B-1A36-4172-B9D8-2DD4CBE646AF}.Release|x86.ActiveCfg = Release|Any CPU
		{50C2E35B-1A36-4172-B9D8-2DD4CBE646AF}.Release|x86.Build.0 = Release|Any CPU
		{50C2E35B-1A36-4172-B9D8-2DD4CBE646AF}.WindowsBuild|Any CPU.ActiveCfg = WindowsBuild|Any CPU
		{50C2E35B-1A36-4172-B9D8-2DD4CBE646AF}.WindowsBuild|Any CPU.Build.0 = WindowsBuild|Any CPU
		{50C2E35B-1A36-4172-B9D8-2DD4CBE646AF}.WindowsBuild|x86.ActiveCfg = WindowsBuild|Any CPU
		{50C2E35B-1A36-4172-B9D8-2DD4CBE646AF}.WindowsBuild|x86.Build.0 = WindowsBuild|Any CPU
		{50C2E35B-1A36-4172-B9D8-2DD4CBE646AF}.WindowsDebug|Any CPU.ActiveCfg = WindowsDebug|Any CPU
		{50C2E35B-1A36-4172-B9D8-2DD4CBE646AF}.WindowsDebug|Any CPU.Build.0 = WindowsDebug|Any CPU
		{50C2E35B-1A36-4172-B9D8-2DD4CBE646AF}.WindowsDebug|x86.ActiveCfg = WindowsDebug|Any CPU
		{50C2E35B-1A36-4172-B9D8-2DD4CBE646AF}.WindowsDebug|x86.Build.0 = WindowsDebug|Any CPU
		{8D0A4270-8BA5-4C69-9402-5A4FFBE54E21}.Debug|Any CPU.ActiveCfg = Debug|Any CPU
		{8D0A4270-8BA5-4C69-9402-5A4FFBE54E21}.Debug|Any CPU.Build.0 = Debug|Any CPU
		{8D0A4270-8BA5-4C69-9402-5A4FFBE54E21}.Debug|x86.ActiveCfg = Debug|Any CPU
		{8D0A4270-8BA5-4C69-9402-5A4FFBE54E21}.Debug|x86.Build.0 = Debug|Any CPU
		{8D0A4270-8BA5-4C69-9402-5A4FFBE54E21}.LinuxBuild|Any CPU.ActiveCfg = LinuxBuild|Any CPU
		{8D0A4270-8BA5-4C69-9402-5A4FFBE54E21}.LinuxBuild|Any CPU.Build.0 = LinuxBuild|Any CPU
		{8D0A4270-8BA5-4C69-9402-5A4FFBE54E21}.LinuxBuild|x86.ActiveCfg = LinuxBuild|Any CPU
		{8D0A4270-8BA5-4C69-9402-5A4FFBE54E21}.LinuxBuild|x86.Build.0 = LinuxBuild|Any CPU
		{8D0A4270-8BA5-4C69-9402-5A4FFBE54E21}.LinuxDebug|Any CPU.ActiveCfg = LinuxDebug|Any CPU
		{8D0A4270-8BA5-4C69-9402-5A4FFBE54E21}.LinuxDebug|Any CPU.Build.0 = LinuxDebug|Any CPU
		{8D0A4270-8BA5-4C69-9402-5A4FFBE54E21}.LinuxDebug|x86.ActiveCfg = LinuxDebug|Any CPU
		{8D0A4270-8BA5-4C69-9402-5A4FFBE54E21}.LinuxDebug|x86.Build.0 = LinuxDebug|Any CPU
		{8D0A4270-8BA5-4C69-9402-5A4FFBE54E21}.Release|Any CPU.ActiveCfg = Release|Any CPU
		{8D0A4270-8BA5-4C69-9402-5A4FFBE54E21}.Release|Any CPU.Build.0 = Release|Any CPU
		{8D0A4270-8BA5-4C69-9402-5A4FFBE54E21}.Release|x86.ActiveCfg = Release|Any CPU
		{8D0A4270-8BA5-4C69-9402-5A4FFBE54E21}.Release|x86.Build.0 = Release|Any CPU
		{8D0A4270-8BA5-4C69-9402-5A4FFBE54E21}.WindowsBuild|Any CPU.ActiveCfg = WindowsBuild|Any CPU
		{8D0A4270-8BA5-4C69-9402-5A4FFBE54E21}.WindowsBuild|Any CPU.Build.0 = WindowsBuild|Any CPU
		{8D0A4270-8BA5-4C69-9402-5A4FFBE54E21}.WindowsBuild|x86.ActiveCfg = WindowsBuild|Any CPU
		{8D0A4270-8BA5-4C69-9402-5A4FFBE54E21}.WindowsBuild|x86.Build.0 = WindowsBuild|Any CPU
		{8D0A4270-8BA5-4C69-9402-5A4FFBE54E21}.WindowsDebug|Any CPU.ActiveCfg = WindowsDebug|Any CPU
		{8D0A4270-8BA5-4C69-9402-5A4FFBE54E21}.WindowsDebug|Any CPU.Build.0 = WindowsDebug|Any CPU
		{8D0A4270-8BA5-4C69-9402-5A4FFBE54E21}.WindowsDebug|x86.ActiveCfg = WindowsDebug|Any CPU
		{8D0A4270-8BA5-4C69-9402-5A4FFBE54E21}.WindowsDebug|x86.Build.0 = WindowsDebug|Any CPU
		{0CBD9069-3BD7-4EAC-A4B7-DC0765F01641}.Debug|Any CPU.ActiveCfg = Debug|Any CPU
		{0CBD9069-3BD7-4EAC-A4B7-DC0765F01641}.Debug|Any CPU.Build.0 = Debug|Any CPU
		{0CBD9069-3BD7-4EAC-A4B7-DC0765F01641}.Debug|x86.ActiveCfg = Debug|x86
		{0CBD9069-3BD7-4EAC-A4B7-DC0765F01641}.Debug|x86.Build.0 = Debug|x86
		{0CBD9069-3BD7-4EAC-A4B7-DC0765F01641}.LinuxBuild|Any CPU.ActiveCfg = LinuxBuild|Any CPU
		{0CBD9069-3BD7-4EAC-A4B7-DC0765F01641}.LinuxBuild|Any CPU.Build.0 = LinuxBuild|Any CPU
		{0CBD9069-3BD7-4EAC-A4B7-DC0765F01641}.LinuxBuild|x86.ActiveCfg = LinuxBuild|x86
		{0CBD9069-3BD7-4EAC-A4B7-DC0765F01641}.LinuxBuild|x86.Build.0 = LinuxBuild|x86
		{0CBD9069-3BD7-4EAC-A4B7-DC0765F01641}.LinuxDebug|Any CPU.ActiveCfg = LinuxDebug|Any CPU
		{0CBD9069-3BD7-4EAC-A4B7-DC0765F01641}.LinuxDebug|Any CPU.Build.0 = LinuxDebug|Any CPU
		{0CBD9069-3BD7-4EAC-A4B7-DC0765F01641}.LinuxDebug|x86.ActiveCfg = LinuxDebug|x86
		{0CBD9069-3BD7-4EAC-A4B7-DC0765F01641}.LinuxDebug|x86.Build.0 = LinuxDebug|x86
		{0CBD9069-3BD7-4EAC-A4B7-DC0765F01641}.Release|Any CPU.ActiveCfg = Release|Any CPU
		{0CBD9069-3BD7-4EAC-A4B7-DC0765F01641}.Release|Any CPU.Build.0 = Release|Any CPU
		{0CBD9069-3BD7-4EAC-A4B7-DC0765F01641}.Release|x86.ActiveCfg = Release|x86
		{0CBD9069-3BD7-4EAC-A4B7-DC0765F01641}.Release|x86.Build.0 = Release|x86
		{0CBD9069-3BD7-4EAC-A4B7-DC0765F01641}.WindowsBuild|Any CPU.ActiveCfg = WindowsBuild|Any CPU
		{0CBD9069-3BD7-4EAC-A4B7-DC0765F01641}.WindowsBuild|Any CPU.Build.0 = WindowsBuild|Any CPU
		{0CBD9069-3BD7-4EAC-A4B7-DC0765F01641}.WindowsBuild|x86.ActiveCfg = WindowsBuild|x86
		{0CBD9069-3BD7-4EAC-A4B7-DC0765F01641}.WindowsBuild|x86.Build.0 = WindowsBuild|x86
		{0CBD9069-3BD7-4EAC-A4B7-DC0765F01641}.WindowsDebug|Any CPU.ActiveCfg = WindowsDebug|Any CPU
		{0CBD9069-3BD7-4EAC-A4B7-DC0765F01641}.WindowsDebug|Any CPU.Build.0 = WindowsDebug|Any CPU
		{0CBD9069-3BD7-4EAC-A4B7-DC0765F01641}.WindowsDebug|x86.ActiveCfg = WindowsDebug|x86
		{0CBD9069-3BD7-4EAC-A4B7-DC0765F01641}.WindowsDebug|x86.Build.0 = WindowsDebug|x86
		{EAC91731-F4E8-4E4D-B7C2-A1E972DB10FE}.Debug|Any CPU.ActiveCfg = Debug|Any CPU
		{EAC91731-F4E8-4E4D-B7C2-A1E972DB10FE}.Debug|Any CPU.Build.0 = Debug|Any CPU
		{EAC91731-F4E8-4E4D-B7C2-A1E972DB10FE}.Debug|x86.ActiveCfg = Debug|Any CPU
		{EAC91731-F4E8-4E4D-B7C2-A1E972DB10FE}.Debug|x86.Build.0 = Debug|Any CPU
		{EAC91731-F4E8-4E4D-B7C2-A1E972DB10FE}.LinuxBuild|Any CPU.ActiveCfg = LinuxBuild|Any CPU
		{EAC91731-F4E8-4E4D-B7C2-A1E972DB10FE}.LinuxBuild|Any CPU.Build.0 = LinuxBuild|Any CPU
		{EAC91731-F4E8-4E4D-B7C2-A1E972DB10FE}.LinuxBuild|x86.ActiveCfg = LinuxBuild|Any CPU
		{EAC91731-F4E8-4E4D-B7C2-A1E972DB10FE}.LinuxBuild|x86.Build.0 = LinuxBuild|Any CPU
		{EAC91731-F4E8-4E4D-B7C2-A1E972DB10FE}.LinuxDebug|Any CPU.ActiveCfg = LinuxDebug|Any CPU
		{EAC91731-F4E8-4E4D-B7C2-A1E972DB10FE}.LinuxDebug|Any CPU.Build.0 = LinuxDebug|Any CPU
		{EAC91731-F4E8-4E4D-B7C2-A1E972DB10FE}.LinuxDebug|x86.ActiveCfg = LinuxDebug|Any CPU
		{EAC91731-F4E8-4E4D-B7C2-A1E972DB10FE}.LinuxDebug|x86.Build.0 = LinuxDebug|Any CPU
		{EAC91731-F4E8-4E4D-B7C2-A1E972DB10FE}.Release|Any CPU.ActiveCfg = Release|Any CPU
		{EAC91731-F4E8-4E4D-B7C2-A1E972DB10FE}.Release|Any CPU.Build.0 = Release|Any CPU
		{EAC91731-F4E8-4E4D-B7C2-A1E972DB10FE}.Release|x86.ActiveCfg = Release|Any CPU
		{EAC91731-F4E8-4E4D-B7C2-A1E972DB10FE}.Release|x86.Build.0 = Release|Any CPU
		{EAC91731-F4E8-4E4D-B7C2-A1E972DB10FE}.WindowsBuild|Any CPU.ActiveCfg = WindowsBuild|Any CPU
		{EAC91731-F4E8-4E4D-B7C2-A1E972DB10FE}.WindowsBuild|Any CPU.Build.0 = WindowsBuild|Any CPU
		{EAC91731-F4E8-4E4D-B7C2-A1E972DB10FE}.WindowsBuild|x86.ActiveCfg = WindowsBuild|Any CPU
		{EAC91731-F4E8-4E4D-B7C2-A1E972DB10FE}.WindowsBuild|x86.Build.0 = WindowsBuild|Any CPU
		{EAC91731-F4E8-4E4D-B7C2-A1E972DB10FE}.WindowsDebug|Any CPU.ActiveCfg = WindowsDebug|Any CPU
		{EAC91731-F4E8-4E4D-B7C2-A1E972DB10FE}.WindowsDebug|Any CPU.Build.0 = WindowsDebug|Any CPU
		{EAC91731-F4E8-4E4D-B7C2-A1E972DB10FE}.WindowsDebug|x86.ActiveCfg = WindowsDebug|Any CPU
		{EAC91731-F4E8-4E4D-B7C2-A1E972DB10FE}.WindowsDebug|x86.Build.0 = WindowsDebug|Any CPU
		{767CA533-C037-4A58-99CF-828AA2EA0EBE}.Debug|Any CPU.ActiveCfg = Debug|Any CPU
		{767CA533-C037-4A58-99CF-828AA2EA0EBE}.Debug|Any CPU.Build.0 = Debug|Any CPU
		{767CA533-C037-4A58-99CF-828AA2EA0EBE}.Debug|x86.ActiveCfg = Debug|Any CPU
		{767CA533-C037-4A58-99CF-828AA2EA0EBE}.Debug|x86.Build.0 = Debug|Any CPU
		{767CA533-C037-4A58-99CF-828AA2EA0EBE}.LinuxBuild|Any CPU.ActiveCfg = LinuxBuild|Any CPU
		{767CA533-C037-4A58-99CF-828AA2EA0EBE}.LinuxBuild|Any CPU.Build.0 = LinuxBuild|Any CPU
		{767CA533-C037-4A58-99CF-828AA2EA0EBE}.LinuxBuild|x86.ActiveCfg = LinuxBuild|Any CPU
		{767CA533-C037-4A58-99CF-828AA2EA0EBE}.LinuxBuild|x86.Build.0 = LinuxBuild|Any CPU
		{767CA533-C037-4A58-99CF-828AA2EA0EBE}.LinuxDebug|Any CPU.ActiveCfg = LinuxDebug|Any CPU
		{767CA533-C037-4A58-99CF-828AA2EA0EBE}.LinuxDebug|Any CPU.Build.0 = LinuxDebug|Any CPU
		{767CA533-C037-4A58-99CF-828AA2EA0EBE}.LinuxDebug|x86.ActiveCfg = LinuxDebug|Any CPU
		{767CA533-C037-4A58-99CF-828AA2EA0EBE}.LinuxDebug|x86.Build.0 = LinuxDebug|Any CPU
		{767CA533-C037-4A58-99CF-828AA2EA0EBE}.Release|Any CPU.ActiveCfg = Release|Any CPU
		{767CA533-C037-4A58-99CF-828AA2EA0EBE}.Release|Any CPU.Build.0 = Release|Any CPU
		{767CA533-C037-4A58-99CF-828AA2EA0EBE}.Release|x86.ActiveCfg = Release|Any CPU
		{767CA533-C037-4A58-99CF-828AA2EA0EBE}.Release|x86.Build.0 = Release|Any CPU
		{767CA533-C037-4A58-99CF-828AA2EA0EBE}.WindowsBuild|Any CPU.ActiveCfg = WindowsBuild|Any CPU
		{767CA533-C037-4A58-99CF-828AA2EA0EBE}.WindowsBuild|Any CPU.Build.0 = WindowsBuild|Any CPU
		{767CA533-C037-4A58-99CF-828AA2EA0EBE}.WindowsBuild|x86.ActiveCfg = WindowsBuild|Any CPU
		{767CA533-C037-4A58-99CF-828AA2EA0EBE}.WindowsBuild|x86.Build.0 = WindowsBuild|Any CPU
		{767CA533-C037-4A58-99CF-828AA2EA0EBE}.WindowsDebug|Any CPU.ActiveCfg = WindowsDebug|Any CPU
		{767CA533-C037-4A58-99CF-828AA2EA0EBE}.WindowsDebug|Any CPU.Build.0 = WindowsDebug|Any CPU
		{767CA533-C037-4A58-99CF-828AA2EA0EBE}.WindowsDebug|x86.ActiveCfg = WindowsDebug|Any CPU
		{767CA533-C037-4A58-99CF-828AA2EA0EBE}.WindowsDebug|x86.Build.0 = WindowsDebug|Any CPU
		{7E96EAA4-F704-4464-A18E-F18404301753}.Debug|Any CPU.ActiveCfg = Debug|Any CPU
		{7E96EAA4-F704-4464-A18E-F18404301753}.Debug|Any CPU.Build.0 = Debug|Any CPU
		{7E96EAA4-F704-4464-A18E-F18404301753}.Debug|x86.ActiveCfg = Debug|Any CPU
		{7E96EAA4-F704-4464-A18E-F18404301753}.Debug|x86.Build.0 = Debug|Any CPU
		{7E96EAA4-F704-4464-A18E-F18404301753}.LinuxBuild|Any CPU.ActiveCfg = LinuxBuild|Any CPU
		{7E96EAA4-F704-4464-A18E-F18404301753}.LinuxBuild|Any CPU.Build.0 = LinuxBuild|Any CPU
		{7E96EAA4-F704-4464-A18E-F18404301753}.LinuxBuild|x86.ActiveCfg = LinuxBuild|Any CPU
		{7E96EAA4-F704-4464-A18E-F18404301753}.LinuxBuild|x86.Build.0 = LinuxBuild|Any CPU
		{7E96EAA4-F704-4464-A18E-F18404301753}.LinuxDebug|Any CPU.ActiveCfg = LinuxDebug|Any CPU
		{7E96EAA4-F704-4464-A18E-F18404301753}.LinuxDebug|Any CPU.Build.0 = LinuxDebug|Any CPU
		{7E96EAA4-F704-4464-A18E-F18404301753}.LinuxDebug|x86.ActiveCfg = LinuxDebug|Any CPU
		{7E96EAA4-F704-4464-A18E-F18404301753}.LinuxDebug|x86.Build.0 = LinuxDebug|Any CPU
		{7E96EAA4-F704-4464-A18E-F18404301753}.Release|Any CPU.ActiveCfg = Release|Any CPU
		{7E96EAA4-F704-4464-A18E-F18404301753}.Release|Any CPU.Build.0 = Release|Any CPU
		{7E96EAA4-F704-4464-A18E-F18404301753}.Release|x86.ActiveCfg = Release|Any CPU
		{7E96EAA4-F704-4464-A18E-F18404301753}.Release|x86.Build.0 = Release|Any CPU
		{7E96EAA4-F704-4464-A18E-F18404301753}.WindowsBuild|Any CPU.ActiveCfg = WindowsBuild|Any CPU
		{7E96EAA4-F704-4464-A18E-F18404301753}.WindowsBuild|Any CPU.Build.0 = WindowsBuild|Any CPU
		{7E96EAA4-F704-4464-A18E-F18404301753}.WindowsBuild|x86.ActiveCfg = WindowsBuild|Any CPU
		{7E96EAA4-F704-4464-A18E-F18404301753}.WindowsBuild|x86.Build.0 = WindowsBuild|Any CPU
		{7E96EAA4-F704-4464-A18E-F18404301753}.WindowsDebug|Any CPU.ActiveCfg = WindowsDebug|Any CPU
		{7E96EAA4-F704-4464-A18E-F18404301753}.WindowsDebug|Any CPU.Build.0 = WindowsDebug|Any CPU
		{7E96EAA4-F704-4464-A18E-F18404301753}.WindowsDebug|x86.ActiveCfg = WindowsDebug|Any CPU
		{7E96EAA4-F704-4464-A18E-F18404301753}.WindowsDebug|x86.Build.0 = WindowsDebug|Any CPU
		{240F278E-9343-4751-8E85-3043705FDD42}.Debug|Any CPU.ActiveCfg = Debug|Any CPU
		{240F278E-9343-4751-8E85-3043705FDD42}.Debug|Any CPU.Build.0 = Debug|Any CPU
		{240F278E-9343-4751-8E85-3043705FDD42}.Debug|x86.ActiveCfg = Debug|Any CPU
		{240F278E-9343-4751-8E85-3043705FDD42}.Debug|x86.Build.0 = Debug|Any CPU
		{240F278E-9343-4751-8E85-3043705FDD42}.LinuxBuild|Any CPU.ActiveCfg = LinuxBuild|Any CPU
		{240F278E-9343-4751-8E85-3043705FDD42}.LinuxBuild|x86.ActiveCfg = LinuxBuild|Any CPU
		{240F278E-9343-4751-8E85-3043705FDD42}.LinuxBuild|x86.Build.0 = LinuxBuild|Any CPU
		{240F278E-9343-4751-8E85-3043705FDD42}.LinuxDebug|Any CPU.ActiveCfg = LinuxDebug|Any CPU
		{240F278E-9343-4751-8E85-3043705FDD42}.LinuxDebug|Any CPU.Build.0 = LinuxDebug|Any CPU
		{240F278E-9343-4751-8E85-3043705FDD42}.LinuxDebug|x86.ActiveCfg = LinuxDebug|Any CPU
		{240F278E-9343-4751-8E85-3043705FDD42}.LinuxDebug|x86.Build.0 = LinuxDebug|Any CPU
		{240F278E-9343-4751-8E85-3043705FDD42}.Release|Any CPU.ActiveCfg = Release|Any CPU
		{240F278E-9343-4751-8E85-3043705FDD42}.Release|Any CPU.Build.0 = Release|Any CPU
		{240F278E-9343-4751-8E85-3043705FDD42}.Release|x86.ActiveCfg = Release|Any CPU
		{240F278E-9343-4751-8E85-3043705FDD42}.Release|x86.Build.0 = Release|Any CPU
		{240F278E-9343-4751-8E85-3043705FDD42}.WindowsBuild|Any CPU.ActiveCfg = WindowsBuild|Any CPU
		{240F278E-9343-4751-8E85-3043705FDD42}.WindowsBuild|x86.ActiveCfg = WindowsBuild|Any CPU
		{240F278E-9343-4751-8E85-3043705FDD42}.WindowsBuild|x86.Build.0 = WindowsBuild|Any CPU
		{240F278E-9343-4751-8E85-3043705FDD42}.WindowsDebug|Any CPU.ActiveCfg = WindowsDebug|Any CPU
		{240F278E-9343-4751-8E85-3043705FDD42}.WindowsDebug|Any CPU.Build.0 = WindowsDebug|Any CPU
		{240F278E-9343-4751-8E85-3043705FDD42}.WindowsDebug|x86.ActiveCfg = WindowsDebug|Any CPU
		{240F278E-9343-4751-8E85-3043705FDD42}.WindowsDebug|x86.Build.0 = WindowsDebug|Any CPU
		{7820EB42-EC1D-48DF-AB27-B7960EDE7FED}.Debug|Any CPU.ActiveCfg = Debug|Any CPU
		{7820EB42-EC1D-48DF-AB27-B7960EDE7FED}.Debug|Any CPU.Build.0 = Debug|Any CPU
		{7820EB42-EC1D-48DF-AB27-B7960EDE7FED}.Debug|x86.ActiveCfg = Debug|Any CPU
		{7820EB42-EC1D-48DF-AB27-B7960EDE7FED}.Debug|x86.Build.0 = Debug|Any CPU
		{7820EB42-EC1D-48DF-AB27-B7960EDE7FED}.LinuxBuild|Any CPU.ActiveCfg = LinuxBuild|Any CPU
		{7820EB42-EC1D-48DF-AB27-B7960EDE7FED}.LinuxBuild|x86.ActiveCfg = LinuxBuild|Any CPU
		{7820EB42-EC1D-48DF-AB27-B7960EDE7FED}.LinuxBuild|x86.Build.0 = LinuxBuild|Any CPU
		{7820EB42-EC1D-48DF-AB27-B7960EDE7FED}.LinuxDebug|Any CPU.ActiveCfg = LinuxDebug|Any CPU
		{7820EB42-EC1D-48DF-AB27-B7960EDE7FED}.LinuxDebug|x86.ActiveCfg = LinuxDebug|Any CPU
		{7820EB42-EC1D-48DF-AB27-B7960EDE7FED}.LinuxDebug|x86.Build.0 = LinuxDebug|Any CPU
		{7820EB42-EC1D-48DF-AB27-B7960EDE7FED}.Release|Any CPU.ActiveCfg = Release|Any CPU
		{7820EB42-EC1D-48DF-AB27-B7960EDE7FED}.Release|Any CPU.Build.0 = Release|Any CPU
		{7820EB42-EC1D-48DF-AB27-B7960EDE7FED}.Release|x86.ActiveCfg = Release|Any CPU
		{7820EB42-EC1D-48DF-AB27-B7960EDE7FED}.Release|x86.Build.0 = Release|Any CPU
		{7820EB42-EC1D-48DF-AB27-B7960EDE7FED}.WindowsBuild|Any CPU.ActiveCfg = WindowsBuild|Any CPU
		{7820EB42-EC1D-48DF-AB27-B7960EDE7FED}.WindowsBuild|Any CPU.Build.0 = WindowsBuild|Any CPU
		{7820EB42-EC1D-48DF-AB27-B7960EDE7FED}.WindowsBuild|x86.ActiveCfg = WindowsBuild|Any CPU
		{7820EB42-EC1D-48DF-AB27-B7960EDE7FED}.WindowsBuild|x86.Build.0 = WindowsBuild|Any CPU
		{7820EB42-EC1D-48DF-AB27-B7960EDE7FED}.WindowsDebug|Any CPU.ActiveCfg = WindowsDebug|Any CPU
		{7820EB42-EC1D-48DF-AB27-B7960EDE7FED}.WindowsDebug|Any CPU.Build.0 = WindowsDebug|Any CPU
		{7820EB42-EC1D-48DF-AB27-B7960EDE7FED}.WindowsDebug|x86.ActiveCfg = WindowsDebug|Any CPU
		{7820EB42-EC1D-48DF-AB27-B7960EDE7FED}.WindowsDebug|x86.Build.0 = WindowsDebug|Any CPU
		{DA54FF5D-AC62-4681-9ABB-ADD18F816456}.Debug|Any CPU.ActiveCfg = Debug|Any CPU
		{DA54FF5D-AC62-4681-9ABB-ADD18F816456}.Debug|Any CPU.Build.0 = Debug|Any CPU
		{DA54FF5D-AC62-4681-9ABB-ADD18F816456}.Debug|x86.ActiveCfg = Debug|Any CPU
		{DA54FF5D-AC62-4681-9ABB-ADD18F816456}.Debug|x86.Build.0 = Debug|Any CPU
		{DA54FF5D-AC62-4681-9ABB-ADD18F816456}.LinuxBuild|Any CPU.ActiveCfg = Release|Any CPU
		{DA54FF5D-AC62-4681-9ABB-ADD18F816456}.LinuxBuild|Any CPU.Build.0 = Release|Any CPU
		{DA54FF5D-AC62-4681-9ABB-ADD18F816456}.LinuxBuild|x86.ActiveCfg = Release|Any CPU
		{DA54FF5D-AC62-4681-9ABB-ADD18F816456}.LinuxBuild|x86.Build.0 = Release|Any CPU
		{DA54FF5D-AC62-4681-9ABB-ADD18F816456}.LinuxDebug|Any CPU.ActiveCfg = Debug|Any CPU
		{DA54FF5D-AC62-4681-9ABB-ADD18F816456}.LinuxDebug|Any CPU.Build.0 = Debug|Any CPU
		{DA54FF5D-AC62-4681-9ABB-ADD18F816456}.LinuxDebug|x86.ActiveCfg = Debug|Any CPU
		{DA54FF5D-AC62-4681-9ABB-ADD18F816456}.LinuxDebug|x86.Build.0 = Debug|Any CPU
		{DA54FF5D-AC62-4681-9ABB-ADD18F816456}.Release|Any CPU.ActiveCfg = Release|Any CPU
		{DA54FF5D-AC62-4681-9ABB-ADD18F816456}.Release|Any CPU.Build.0 = Release|Any CPU
		{DA54FF5D-AC62-4681-9ABB-ADD18F816456}.Release|x86.ActiveCfg = Release|Any CPU
		{DA54FF5D-AC62-4681-9ABB-ADD18F816456}.Release|x86.Build.0 = Release|Any CPU
		{DA54FF5D-AC62-4681-9ABB-ADD18F816456}.WindowsBuild|Any CPU.ActiveCfg = Release|Any CPU
		{DA54FF5D-AC62-4681-9ABB-ADD18F816456}.WindowsBuild|Any CPU.Build.0 = Release|Any CPU
		{DA54FF5D-AC62-4681-9ABB-ADD18F816456}.WindowsBuild|x86.ActiveCfg = Release|Any CPU
		{DA54FF5D-AC62-4681-9ABB-ADD18F816456}.WindowsBuild|x86.Build.0 = Release|Any CPU
		{DA54FF5D-AC62-4681-9ABB-ADD18F816456}.WindowsDebug|Any CPU.ActiveCfg = Debug|Any CPU
		{DA54FF5D-AC62-4681-9ABB-ADD18F816456}.WindowsDebug|Any CPU.Build.0 = Debug|Any CPU
		{DA54FF5D-AC62-4681-9ABB-ADD18F816456}.WindowsDebug|x86.ActiveCfg = Debug|Any CPU
		{DA54FF5D-AC62-4681-9ABB-ADD18F816456}.WindowsDebug|x86.Build.0 = Debug|Any CPU
	EndGlobalSection
	GlobalSection(SolutionProperties) = preSolution
		HideSolutionNode = FALSE
	EndGlobalSection
	GlobalSection(NestedProjects) = preSolution
		{240F278E-9343-4751-8E85-3043705FDD42} = {07C47B79-6B97-4C06-B437-820D1E325333}
	EndGlobalSection
	GlobalSection(ExtensibilityGlobals) = postSolution
		SolutionGuid = {FA6F75DC-F8DB-4389-B86B-26EBB6ED4DCC}
	EndGlobalSection
EndGlobal
